
Microsoft Visual Studio Solution File, Format Version 12.00
# Visual Studio Version 16
VisualStudioVersion = 16.0.29613.14
MinimumVisualStudioVersion = 10.0.40219.1
Project("{9A19103F-16F7-4668-BE54-9A1E7A4F7556}") = "Feedback_core", "Feedback_core\Feedback_core.csproj", "{8F57D287-F332-4049-A71E-504914E07FE5}"
EndProject
Project("{FAE04EC0-301F-11D3-BF4B-00C04F79EFBC}") = "Feedback.Data", "Feedback.Data\Feedback.Data.csproj", "{970F43F9-6F73-42DB-86ED-ACB3EB738EF5}"
EndProject
Global
	GlobalSection(SolutionConfigurationPlatforms) = preSolution
		Debug|Any CPU = Debug|Any CPU
		Release|Any CPU = Release|Any CPU
	EndGlobalSection
	GlobalSection(ProjectConfigurationPlatforms) = postSolution
		{8F57D287-F332-4049-A71E-504914E07FE5}.Debug|Any CPU.ActiveCfg = Debug|Any CPU
		{8F57D287-F332-4049-A71E-504914E07FE5}.Debug|Any CPU.Build.0 = Debug|Any CPU
		{8F57D287-F332-4049-A71E-504914E07FE5}.Release|Any CPU.ActiveCfg = Release|Any CPU
		{8F57D287-F332-4049-A71E-504914E07FE5}.Release|Any CPU.Build.0 = Release|Any CPU
		{970F43F9-6F73-42DB-86ED-ACB3EB738EF5}.Debug|Any CPU.ActiveCfg = Debug|Any CPU
		{970F43F9-6F73-42DB-86ED-ACB3EB738EF5}.Debug|Any CPU.Build.0 = Debug|Any CPU
		{970F43F9-6F73-42DB-86ED-ACB3EB738EF5}.Release|Any CPU.ActiveCfg = Release|Any CPU
		{970F43F9-6F73-42DB-86ED-ACB3EB738EF5}.Release|Any CPU.Build.0 = Release|Any CPU
	EndGlobalSection
	GlobalSection(SolutionProperties) = preSolution
		HideSolutionNode = FALSE
	EndGlobalSection
	GlobalSection(ExtensibilityGlobals) = postSolution
		SolutionGuid = {931D0037-EDF5-49B0-818E-D2D8195E6E8B}
	EndGlobalSection
EndGlobal
